
Microsoft Visual Studio Solution File, Format Version 12.00
Project("{FAE04EC0-301F-11D3-BF4B-00C04F79EFBC}") = "WeatherApp.WebApi", "WeatherApp.WebApi\WeatherApp.WebApi.csproj", "{EBD2BE75-7412-4997-89FC-569D2D7F6251}"
EndProject
Global
	GlobalSection(SolutionConfigurationPlatforms) = preSolution
		Debug|Any CPU = Debug|Any CPU
		Release|Any CPU = Release|Any CPU
	EndGlobalSection
	GlobalSection(ProjectConfigurationPlatforms) = postSolution
		{EBD2BE75-7412-4997-89FC-569D2D7F6251}.Debug|Any CPU.ActiveCfg = Debug|Any CPU
		{EBD2BE75-7412-4997-89FC-569D2D7F6251}.Debug|Any CPU.Build.0 = Debug|Any CPU
		{EBD2BE75-7412-4997-89FC-569D2D7F6251}.Release|Any CPU.ActiveCfg = Release|Any CPU
		{EBD2BE75-7412-4997-89FC-569D2D7F6251}.Release|Any CPU.Build.0 = Release|Any CPU
	EndGlobalSection
EndGlobal
